
Microsoft Visual Studio Solution File, Format Version 12.00
# Visual Studio Version 16
VisualStudioVersion = 16.0.29806.167
MinimumVisualStudioVersion = 10.0.40219.1
Project("{FAE04EC0-301F-11D3-BF4B-00C04F79EFBC}") = "Workflow.AddOrRemoveAttribute", "Workflow.AddOrRemoveAttribute\Workflow.AddOrRemoveAttribute.csproj", "{E91DAA9A-4EC1-4D98-B098-AF208CA6A8A3}"
EndProject
Global
	GlobalSection(SolutionConfigurationPlatforms) = preSolution
		Debug|Any CPU = Debug|Any CPU
		Release|Any CPU = Release|Any CPU
	EndGlobalSection
	GlobalSection(ProjectConfigurationPlatforms) = postSolution
		{E91DAA9A-4EC1-4D98-B098-AF208CA6A8A3}.Debug|Any CPU.ActiveCfg = Debug|Any CPU
		{E91DAA9A-4EC1-4D98-B098-AF208CA6A8A3}.Debug|Any CPU.Build.0 = Debug|Any CPU
		{E91DAA9A-4EC1-4D98-B098-AF208CA6A8A3}.Release|Any CPU.ActiveCfg = Release|Any CPU
		{E91DAA9A-4EC1-4D98-B098-AF208CA6A8A3}.Release|Any CPU.Build.0 = Release|Any CPU
	EndGlobalSection
	GlobalSection(SolutionProperties) = preSolution
		HideSolutionNode = FALSE
	EndGlobalSection
	GlobalSection(ExtensibilityGlobals) = postSolution
		SolutionGuid = {64DE1FE6-6E71-47AB-BCD2-19C2ABB57D4A}
	EndGlobalSection
EndGlobal
